libs = [
"boost_contract","boost_coroutine","boost_context","boost_iostreams",
"boost_log_setup","boost_log","boost_filesystem",
"boost_program_options","boost_random","boost_regex",
"boost_stacktrace_addr2line","boost_stacktrace_backtrace",
"boost_stacktrace_basic","boost_stacktrace_noop","boost_timer",
"boost_type_erasure","boost_thread","boost_atomic","boost_chrono",
"boost_container","boost_date_time","boost_unit_test_framework",
"boost_prg_exec_monitor","boost_test_exec_monitor","boost_exception",
"boost_wserialization","boost_serialization","fmtd","git2","bz2",
"backtrace","http_parser","ssh2","z","ssl","crypto",
]
lib_dirs = [
"""
/Users/wuqq/.conan/data/boost/1.81.0/_/_/package/5cacd919cbeeb248434\
395e7180acf82ad1babe0/lib\
""",
"""
/Users/wuqq/.conan/data/fmt/9.1.0/_/_/package/1d32a9e557444c06bb0cc3\
ab302313d195a47cb6/lib\
""",
"""
/Users/wuqq/.conan/data/libgit2/1.5.0/_/_/package/6c1a832d7c04e08b24\
a7dbce178b0ec37fa9519c/lib\
""",
"""
/Users/wuqq/.conan/data/bzip2/1.0.8/_/_/package/7fc5f5b34b9038fbd81d\
8c4edd0e5d12d311b628/lib\
""",
"""
/Users/wuqq/.conan/data/libbacktrace/cci.20210118/_/_/package/d98fae\
1010d1fb9e7f79a1e8a72bbf129d8660a2/lib\
""",
"""
/Users/wuqq/.conan/data/http_parser/2.9.4/_/_/package/d98fae1010d1fb\
9e7f79a1e8a72bbf129d8660a2/lib\
""",
"""
/Users/wuqq/.conan/data/libssh2/1.10.0/_/_/package/17872d68bad1b2b59\
4064ec0d3b81a0e05faa3a2/lib\
""",
"""
/Users/wuqq/.conan/data/zlib/1.2.11/_/_/package/d98fae1010d1fb9e7f79\
a1e8a72bbf129d8660a2/lib\
""",
"""
/Users/wuqq/.conan/data/openssl/1.1.1o/_/_/package/d98fae1010d1fb9e7\
f79a1e8a72bbf129d8660a2/lib\
""",
]
defines = [
"""BOOST_STACKTRACE_ADDR2LINE_LOCATION="/usr/bin/addr2line"""",
"BOOST_STACKTRACE_USE_ADDR2LINE","BOOST_STACKTRACE_USE_BACKTRACE",
"BOOST_STACKTRACE_USE_NOOP",
"BOOST_STACKTRACE_GNU_SOURCE_NOT_REQUIRED",
]
includes = [
"""
/Users/wuqq/.conan/data/boost/1.81.0/_/_/package/5cacd919cbeeb248434\
395e7180acf82ad1babe0/include\
""",
"""
/Users/wuqq/.conan/data/bshoshany-thread-pool/3.3.0/_/_/package/5ab8\
4d6acfe1f23c4fae0ab88f26e3a396351ac9/include\
""",
"""
/Users/wuqq/.conan/data/fmt/9.1.0/_/_/package/1d32a9e557444c06bb0cc3\
ab302313d195a47cb6/include\
""",
"""
/Users/wuqq/.conan/data/libgit2/1.5.0/_/_/package/6c1a832d7c04e08b24\
a7dbce178b0ec37fa9519c/include\
""",
"""
/Users/wuqq/.conan/data/ms-gsl/4.0.0/_/_/package/5ab84d6acfe1f23c4fa\
e0ab88f26e3a396351ac9/include\
""",
"""
/Users/wuqq/.conan/data/range-v3/0.12.0/_/_/package/5ab84d6acfe1f23c\
4fae0ab88f26e3a396351ac9/include\
""",
"""
/Users/wuqq/.conan/data/structopt/0.1.3/_/_/package/5ab84d6acfe1f23c\
4fae0ab88f26e3a396351ac9/include\
""",
"""
/Users/wuqq/.conan/data/toml11/3.7.1/_/_/package/5ab84d6acfe1f23c4fa\
e0ab88f26e3a396351ac9/include\
""",
"""
/Users/wuqq/.conan/data/toml11/3.7.1/_/_/package/5ab84d6acfe1f23c4fa\
e0ab88f26e3a396351ac9/include/toml11\
""",
"""
/Users/wuqq/.conan/data/bzip2/1.0.8/_/_/package/7fc5f5b34b9038fbd81d\
8c4edd0e5d12d311b628/include\
""",
"""
/Users/wuqq/.conan/data/libbacktrace/cci.20210118/_/_/package/d98fae\
1010d1fb9e7f79a1e8a72bbf129d8660a2/include\
""",
"""
/Users/wuqq/.conan/data/http_parser/2.9.4/_/_/package/d98fae1010d1fb\
9e7f79a1e8a72bbf129d8660a2/include\
""",
"""
/Users/wuqq/.conan/data/libssh2/1.10.0/_/_/package/17872d68bad1b2b59\
4064ec0d3b81a0e05faa3a2/include\
""",
"""
/Users/wuqq/.conan/data/magic_enum/0.8.0/_/_/package/5ab84d6acfe1f23\
c4fae0ab88f26e3a396351ac9/include\
""",
"""
/Users/wuqq/.conan/data/visit_struct/1.0/_/_/package/5ab84d6acfe1f23\
c4fae0ab88f26e3a396351ac9/include\
""",
"""
/Users/wuqq/.conan/data/zlib/1.2.11/_/_/package/d98fae1010d1fb9e7f79\
a1e8a72bbf129d8660a2/include\
""",
"""
/Users/wuqq/.conan/data/openssl/1.1.1o/_/_/package/d98fae1010d1fb9e7\
f79a1e8a72bbf129d8660a2/include\
""",
]
