
[zlib]
cmake_target = "ZLIB::ZLIB"
cmake_package = "module-ZLIB"
components = []
package = "zlib"

[toml11]
cmake_target = "toml11::toml11"
cmake_package = "toml11"
components = []
package = "toml11"

[bzip2]
cmake_target = "BZip2::BZip2"
cmake_package = "module-BZip2"
components = []
package = "bzip2"

[range-v3]
cmake_target = "range-v3::range-v3"
cmake_package = "range-v3"
components = ["range-v3::range-v3-concepts","range-v3::range-v3-meta"]
package = "range-v3"

[bshoshany-thread-pool]
cmake_target = "bshoshany-thread-pool::bshoshany-thread-pool"
cmake_package = "bshoshany-thread-pool"
components = []
package = "bshoshany-thread-pool"

[ms-gsl]
cmake_target = "Microsoft.GSL::GSL"
cmake_package = "Microsoft.GSL"
components = ["ms-gsl::_ms-gsl"]
package = "ms-gsl"

[fmt]
cmake_target = "fmt::fmt"
cmake_package = "fmt"
components = ["fmt::fmt"]
package = "fmt"

[libiconv]
cmake_target = "Iconv::Iconv"
cmake_package = "module-Iconv"
components = []
package = "libiconv"

[libbacktrace]
cmake_target = "libbacktrace::libbacktrace"
cmake_package = "libbacktrace"
components = []
package = "libbacktrace"

[indicators]
cmake_target = "indicators::indicators"
cmake_package = "indicators"
components = []
package = "indicators"

[boost]
cmake_target = "boost::boost"
cmake_package = "Boost"
components = [
"Boost::log_setup","Boost::log","Boost::locale",
"Boost::iostreams","Boost::graph","Boost::fiber_numa",
"Boost::fiber","Boost::contract","Boost::wave",
"Boost::unit_test_framework","Boost::type_erasure","Boost::timer",
"Boost::thread","Boost::random","Boost::prg_exec_monitor",
"Boost::nowide","Boost::json","Boost::filesystem",
"Boost::coroutine","Boost::chrono","Boost::wserialization",
"Boost::url","Boost::test_exec_monitor","Boost::test",
"Boost::system","Boost::stacktrace_noop",
"Boost::stacktrace_basic","Boost::stacktrace_backtrace",
"Boost::stacktrace_addr2line","Boost::stacktrace",
"Boost::serialization","Boost::regex","Boost::program_options",
"Boost::math_tr1l","Boost::math_tr1f","Boost::math_tr1",
"Boost::math_c99l","Boost::math_c99f","Boost::math_c99",
"Boost::math","Boost::exception","Boost::date_time",
"Boost::context","Boost::container","Boost::atomic",
"boost::_libboost","Boost::boost","Boost::headers",
"Boost::dynamic_linking","Boost::disable_autolinking",
"Boost::diagnostic_definitions",
]
package = "boost"

[spdlog]
cmake_target = "spdlog::spdlog"
cmake_package = "spdlog"
components = ["spdlog::spdlog"]
package = "spdlog"

[argparse]
cmake_target = "argparse::argparse"
cmake_package = "argparse"
components = []
package = "argparse"

